
Microsoft Visual Studio Solution File, Format Version 12.00
# Visual Studio 15
VisualStudioVersion = 15.0.27130.2027
MinimumVisualStudioVersion = 10.0.40219.1
Project("{FAE04EC0-301F-11D3-BF4B-00C04F79EFBC}") = "YorkCapitalConsole", "YorkCapitalConsole\YorkCapitalConsole.csproj", "{13DB5E77-752B-49AD-8581-E473726791F1}"
EndProject
Project("{2150E333-8FDC-42A3-9474-1A3956D46DE8}") = "Interview Questions", "Interview Questions", "{E6495FE2-AF04-4605-A1D4-FE9085B6FF0B}"
EndProject
Project("{2150E333-8FDC-42A3-9474-1A3956D46DE8}") = "Utilities", "Utilities", "{6B7BEC95-8E7F-419B-BD2E-186391C1657C}"
EndProject
Project("{FAE04EC0-301F-11D3-BF4B-00C04F79EFBC}") = "Reflections", "Reflections\Reflections.csproj", "{94446F19-7C94-4FC8-9E63-837903FFB251}"
EndProject
Project("{FAE04EC0-301F-11D3-BF4B-00C04F79EFBC}") = "Extensions", "Extensions\Extensions.csproj", "{5ABDB08F-4EF9-40AC-A15C-746272301959}"
EndProject
Project("{FAE04EC0-301F-11D3-BF4B-00C04F79EFBC}") = "Wrappers", "Enhancers\Wrappers.csproj", "{31CA682A-A9C6-47BF-A9CF-BED5D6296888}"
EndProject
Project("{FAE04EC0-301F-11D3-BF4B-00C04F79EFBC}") = "InterfaceArchitecture", "InterfaceArchitecture\InterfaceArchitecture.csproj", "{428DF259-7E15-4761-A144-F953A27C1FF1}"
EndProject
Project("{2150E333-8FDC-42A3-9474-1A3956D46DE8}") = "ProvidersModel", "ProvidersModel", "{86032A6C-E2D3-4CA1-BF94-9A97AD1D5998}"
EndProject
Project("{FAE04EC0-301F-11D3-BF4B-00C04F79EFBC}") = "Providers", "Providers\Providers.csproj", "{DF392266-36B9-4FFA-8C85-E9908EC57A9B}"
EndProject
Project("{2150E333-8FDC-42A3-9474-1A3956D46DE8}") = "Web Technology", "Web Technology", "{934244D3-5097-4B45-B977-5338E2DCF736}"
EndProject
Project("{2150E333-8FDC-42A3-9474-1A3956D46DE8}") = "MVC Technologies", "MVC Technologies", "{76A6199D-F656-4227-B9CE-A55C864D0C6B}"
EndProject
Project("{FAE04EC0-301F-11D3-BF4B-00C04F79EFBC}") = "RequestMessageHandler", "RequestMessageHandler\RequestMessageHandler.csproj", "{EC9F938F-F2C3-4B40-AA7B-EC97441C4198}"
EndProject
Project("{2150E333-8FDC-42A3-9474-1A3956D46DE8}") = "_Implementations_", "_Implementations_", "{A61023CD-45E8-4269-A3BB-D6ABD3B849CA}"
EndProject
Project("{FAE04EC0-301F-11D3-BF4B-00C04F79EFBC}") = "ImpWebApiDelegatingHandler", "ImpWebApiDelegatingHandler\ImpWebApiDelegatingHandler.csproj", "{7B7F0816-2EB3-4DB6-9D51-85CAB9226818}"
EndProject
Project("{2150E333-8FDC-42A3-9474-1A3956D46DE8}") = "Solution Items", "Solution Items", "{AB541859-7918-4CF1-8988-5CB73813A13E}"
	ProjectSection(SolutionItems) = preProject
		HandleBars_ViewEngine.txt = HandleBars_ViewEngine.txt
		ImportantUrls.txt = ImportantUrls.txt
		Promise functions.txt = Promise functions.txt
		..\README.txt = ..\README.txt
	EndProjectSection
EndProject
Project("{FAE04EC0-301F-11D3-BF4B-00C04F79EFBC}") = "DownloadHandler", "DownloadHandler\DownloadHandler.csproj", "{BDE90A7C-9DE9-4FAA-84F2-BA51F0BC9AE0}"
EndProject
Project("{2150E333-8FDC-42A3-9474-1A3956D46DE8}") = "WebUtilities", "WebUtilities", "{7318CD6C-BEAB-44C1-A1F6-1C5C0C25BFFA}"
EndProject
Project("{FAE04EC0-301F-11D3-BF4B-00C04F79EFBC}") = "WebSessions", "WebSessions\WebSessions.csproj", "{4AFAF0A2-5DCE-4984-93B4-6E27A3F7DE6D}"
EndProject
Project("{2150E333-8FDC-42A3-9474-1A3956D46DE8}") = "PDF", "PDF", "{CD2FFEF5-09FC-4042-9A2E-F3B55B951128}"
EndProject
Project("{FAE04EC0-301F-11D3-BF4B-00C04F79EFBC}") = "PdfUtility", "PdfSharps\PdfUtility.csproj", "{EDA30A46-D08F-4226-B082-2EA4E2FA1499}"
EndProject
Project("{FAE04EC0-301F-11D3-BF4B-00C04F79EFBC}") = "PdfTest", "PdfTest\PdfTest.csproj", "{DD7F3FEF-07FC-460A-A0D7-DC8BB1A37DB8}"
EndProject
Project("{2150E333-8FDC-42A3-9474-1A3956D46DE8}") = "Windows Desktop Tecnology", "Windows Desktop Tecnology", "{1C637E7B-9FED-4A87-B6C1-282195B40B59}"
EndProject
Project("{2150E333-8FDC-42A3-9474-1A3956D46DE8}") = "Registry", "Registry", "{88DBD061-F43D-4EF6-B39F-C629E2E9CC9D}"
EndProject
Project("{FAE04EC0-301F-11D3-BF4B-00C04F79EFBC}") = "WindowsExplorerContextMenus", "ExplorerContextMenus\WindowsExplorerContextMenus.csproj", "{1EDB132C-4C15-4D74-89DB-111481C5A160}"
EndProject
Project("{FAE04EC0-301F-11D3-BF4B-00C04F79EFBC}") = "WPFIrregularShape", "WPFIrregularShape\WPFIrregularShape.csproj", "{973E1D9E-D77F-4E29-AD3B-76ABD0369974}"
EndProject
Project("{FAE04EC0-301F-11D3-BF4B-00C04F79EFBC}") = "Downloads", "Downloads\Downloads.csproj", "{EADFAD2E-F6DF-473C-8F4F-233391B11599}"
EndProject
Project("{FAE04EC0-301F-11D3-BF4B-00C04F79EFBC}") = "PostsharpAspect", "Postsharp\PostsharpAspect.csproj", "{5AC76549-59EC-461C-A831-C157B5A9F358}"
EndProject
Project("{FAE04EC0-301F-11D3-BF4B-00C04F79EFBC}") = "NugetPackageLibrary", "NugetPackageLibrary\NugetPackageLibrary.csproj", "{99F42773-4600-4EBE-92A4-9DFDB85335EC}"
EndProject
Project("{9092AA53-FB77-4645-B42D-1CCCA6BD08BD}") = "FirstNodeJs", "NodeJS\FirstNodeJs.njsproj", "{8347595C-F0D3-406F-8E71-FA64626097B2}"
EndProject
Project("{9092AA53-FB77-4645-B42D-1CCCA6BD08BD}") = "AzureNodejs", "NodeJS\AzureNodejs\AzureNodejs.njsproj", "{AA5A3079-41CA-4D86-A39C-B4485018C2B2}"
EndProject
Project("{FAE04EC0-301F-11D3-BF4B-00C04F79EFBC}") = "EntityFrameworks", "EntityFrameworks\EntityFrameworks.csproj", "{7234083B-7893-4FBA-BFEE-A59771DAB1AC}"
EndProject
Project("{9092AA53-FB77-4645-B42D-1CCCA6BD08BD}") = "TypescriptNodejs", "TypeScript\TypescriptNodejs\TypescriptNodejs.njsproj", "{975BD253-65F0-44A5-90AD-43BEB2002B99}"
EndProject
Project("{2150E333-8FDC-42A3-9474-1A3956D46DE8}") = "Reactive Programing", "Reactive Programing", "{2EFB00FB-3D62-4D6B-B144-2CE4AACBD898}"
EndProject
Project("{FAE04EC0-301F-11D3-BF4B-00C04F79EFBC}") = "ReactiveLesson", "ReactiveLesson\ReactiveLesson.csproj", "{76AD33CB-F768-491A-A987-7D51E60FA6B7}"
EndProject
Project("{2150E333-8FDC-42A3-9474-1A3956D46DE8}") = "TagLibrary", "TagLibrary", "{BC8A6EFA-D95B-46B6-A58A-EA7FA9861709}"
EndProject
Project("{FAE04EC0-301F-11D3-BF4B-00C04F79EFBC}") = "TagUtility", "MP3Utility\TagUtility.csproj", "{6CACD281-36D8-4DF8-B49B-9F36C3CB2ABB}"
EndProject
Project("{FAE04EC0-301F-11D3-BF4B-00C04F79EFBC}") = "ChangeMP3Information", "ChangeMP3Information\ChangeMP3Information.csproj", "{9B3E793D-E71A-4E5C-93C6-777FB048888A}"
EndProject
Project("{2150E333-8FDC-42A3-9474-1A3956D46DE8}") = "BotBuilder", "BotBuilder", "{A4C940FC-0D3D-436A-B381-EBD1F9361D89}"
EndProject
Project("{2150E333-8FDC-42A3-9474-1A3956D46DE8}") = "Hangfire", "Hangfire", "{91102C6C-C17B-4D17-9235-BB058C8FF3A6}"
EndProject
Project("{FAE04EC0-301F-11D3-BF4B-00C04F79EFBC}") = "JobComponent", "JobComponent\JobComponent.csproj", "{A3D61007-95F0-4A47-B7B1-7A1CC12E5E59}"
EndProject
Project("{FAE04EC0-301F-11D3-BF4B-00C04F79EFBC}") = "APICalls", "APICalls\APICalls.csproj", "{BACD1E5F-4CB0-4BBA-B193-1AEE69B7C41F}"
EndProject
Project("{FAE04EC0-301F-11D3-BF4B-00C04F79EFBC}") = "JsonSerializers", "JsonSerializers\JsonSerializers.csproj", "{207F29FF-9AFB-4DC6-B40C-5DB51BED5051}"
EndProject
Project("{FAE04EC0-301F-11D3-BF4B-00C04F79EFBC}") = "APIUtilCallDemo", "APIUtilCallDemo\APIUtilCallDemo.csproj", "{A379AD23-2C8A-4E18-A1A5-3079528A1F79}"
EndProject
Project("{FAE04EC0-301F-11D3-BF4B-00C04F79EFBC}") = "WebCache", "WebCache\WebCache.csproj", "{E7C24E2A-DBB8-4A16-9532-61D9D812CF60}"
EndProject
Project("{FAE04EC0-301F-11D3-BF4B-00C04F79EFBC}") = "EvaluateExpression", "EvaluateExpression\EvaluateExpression.csproj", "{7FEAC70C-D420-4D6C-A13C-8E98801A7EDE}"
EndProject
Project("{FAE04EC0-301F-11D3-BF4B-00C04F79EFBC}") = "ConsoleColorTables", "ConsoleColorTables\ConsoleColorTables.csproj", "{AB745226-26B5-4FA6-85CD-322CE7C98FBF}"
EndProject
Global
	GlobalSection(SolutionConfigurationPlatforms) = preSolution
		Debug|Any CPU = Debug|Any CPU
		Release|Any CPU = Release|Any CPU
	EndGlobalSection
	GlobalSection(ProjectConfigurationPlatforms) = postSolution
		{13DB5E77-752B-49AD-8581-E473726791F1}.Debug|Any CPU.ActiveCfg = Debug|Any CPU
		{13DB5E77-752B-49AD-8581-E473726791F1}.Debug|Any CPU.Build.0 = Debug|Any CPU
		{13DB5E77-752B-49AD-8581-E473726791F1}.Release|Any CPU.ActiveCfg = Release|Any CPU
		{13DB5E77-752B-49AD-8581-E473726791F1}.Release|Any CPU.Build.0 = Release|Any CPU
		{94446F19-7C94-4FC8-9E63-837903FFB251}.Debug|Any CPU.ActiveCfg = Debug|Any CPU
		{94446F19-7C94-4FC8-9E63-837903FFB251}.Debug|Any CPU.Build.0 = Debug|Any CPU
		{94446F19-7C94-4FC8-9E63-837903FFB251}.Release|Any CPU.ActiveCfg = Release|Any CPU
		{94446F19-7C94-4FC8-9E63-837903FFB251}.Release|Any CPU.Build.0 = Release|Any CPU
		{5ABDB08F-4EF9-40AC-A15C-746272301959}.Debug|Any CPU.ActiveCfg = Debug|Any CPU
		{5ABDB08F-4EF9-40AC-A15C-746272301959}.Debug|Any CPU.Build.0 = Debug|Any CPU
		{5ABDB08F-4EF9-40AC-A15C-746272301959}.Release|Any CPU.ActiveCfg = Release|Any CPU
		{5ABDB08F-4EF9-40AC-A15C-746272301959}.Release|Any CPU.Build.0 = Release|Any CPU
		{31CA682A-A9C6-47BF-A9CF-BED5D6296888}.Debug|Any CPU.ActiveCfg = Debug|Any CPU
		{31CA682A-A9C6-47BF-A9CF-BED5D6296888}.Debug|Any CPU.Build.0 = Debug|Any CPU
		{31CA682A-A9C6-47BF-A9CF-BED5D6296888}.Release|Any CPU.ActiveCfg = Release|Any CPU
		{31CA682A-A9C6-47BF-A9CF-BED5D6296888}.Release|Any CPU.Build.0 = Release|Any CPU
		{428DF259-7E15-4761-A144-F953A27C1FF1}.Debug|Any CPU.ActiveCfg = Debug|Any CPU
		{428DF259-7E15-4761-A144-F953A27C1FF1}.Debug|Any CPU.Build.0 = Debug|Any CPU
		{428DF259-7E15-4761-A144-F953A27C1FF1}.Release|Any CPU.ActiveCfg = Release|Any CPU
		{428DF259-7E15-4761-A144-F953A27C1FF1}.Release|Any CPU.Build.0 = Release|Any CPU
		{DF392266-36B9-4FFA-8C85-E9908EC57A9B}.Debug|Any CPU.ActiveCfg = Debug|Any CPU
		{DF392266-36B9-4FFA-8C85-E9908EC57A9B}.Debug|Any CPU.Build.0 = Debug|Any CPU
		{DF392266-36B9-4FFA-8C85-E9908EC57A9B}.Release|Any CPU.ActiveCfg = Release|Any CPU
		{DF392266-36B9-4FFA-8C85-E9908EC57A9B}.Release|Any CPU.Build.0 = Release|Any CPU
		{EC9F938F-F2C3-4B40-AA7B-EC97441C4198}.Debug|Any CPU.ActiveCfg = Debug|Any CPU
		{EC9F938F-F2C3-4B40-AA7B-EC97441C4198}.Debug|Any CPU.Build.0 = Debug|Any CPU
		{EC9F938F-F2C3-4B40-AA7B-EC97441C4198}.Release|Any CPU.ActiveCfg = Release|Any CPU
		{EC9F938F-F2C3-4B40-AA7B-EC97441C4198}.Release|Any CPU.Build.0 = Release|Any CPU
		{7B7F0816-2EB3-4DB6-9D51-85CAB9226818}.Debug|Any CPU.ActiveCfg = Debug|Any CPU
		{7B7F0816-2EB3-4DB6-9D51-85CAB9226818}.Debug|Any CPU.Build.0 = Debug|Any CPU
		{7B7F0816-2EB3-4DB6-9D51-85CAB9226818}.Release|Any CPU.ActiveCfg = Release|Any CPU
		{7B7F0816-2EB3-4DB6-9D51-85CAB9226818}.Release|Any CPU.Build.0 = Release|Any CPU
		{BDE90A7C-9DE9-4FAA-84F2-BA51F0BC9AE0}.Debug|Any CPU.ActiveCfg = Debug|Any CPU
		{BDE90A7C-9DE9-4FAA-84F2-BA51F0BC9AE0}.Debug|Any CPU.Build.0 = Debug|Any CPU
		{BDE90A7C-9DE9-4FAA-84F2-BA51F0BC9AE0}.Release|Any CPU.ActiveCfg = Release|Any CPU
		{BDE90A7C-9DE9-4FAA-84F2-BA51F0BC9AE0}.Release|Any CPU.Build.0 = Release|Any CPU
		{4AFAF0A2-5DCE-4984-93B4-6E27A3F7DE6D}.Debug|Any CPU.ActiveCfg = Debug|Any CPU
		{4AFAF0A2-5DCE-4984-93B4-6E27A3F7DE6D}.Debug|Any CPU.Build.0 = Debug|Any CPU
		{4AFAF0A2-5DCE-4984-93B4-6E27A3F7DE6D}.Release|Any CPU.ActiveCfg = Release|Any CPU
		{4AFAF0A2-5DCE-4984-93B4-6E27A3F7DE6D}.Release|Any CPU.Build.0 = Release|Any CPU
		{EDA30A46-D08F-4226-B082-2EA4E2FA1499}.Debug|Any CPU.ActiveCfg = Debug|Any CPU
		{EDA30A46-D08F-4226-B082-2EA4E2FA1499}.Debug|Any CPU.Build.0 = Debug|Any CPU
		{EDA30A46-D08F-4226-B082-2EA4E2FA1499}.Release|Any CPU.ActiveCfg = Release|Any CPU
		{EDA30A46-D08F-4226-B082-2EA4E2FA1499}.Release|Any CPU.Build.0 = Release|Any CPU
		{DD7F3FEF-07FC-460A-A0D7-DC8BB1A37DB8}.Debug|Any CPU.ActiveCfg = Debug|Any CPU
		{DD7F3FEF-07FC-460A-A0D7-DC8BB1A37DB8}.Debug|Any CPU.Build.0 = Debug|Any CPU
		{DD7F3FEF-07FC-460A-A0D7-DC8BB1A37DB8}.Release|Any CPU.ActiveCfg = Release|Any CPU
		{DD7F3FEF-07FC-460A-A0D7-DC8BB1A37DB8}.Release|Any CPU.Build.0 = Release|Any CPU
		{1EDB132C-4C15-4D74-89DB-111481C5A160}.Debug|Any CPU.ActiveCfg = Debug|Any CPU
		{1EDB132C-4C15-4D74-89DB-111481C5A160}.Debug|Any CPU.Build.0 = Debug|Any CPU
		{1EDB132C-4C15-4D74-89DB-111481C5A160}.Release|Any CPU.ActiveCfg = Release|Any CPU
		{1EDB132C-4C15-4D74-89DB-111481C5A160}.Release|Any CPU.Build.0 = Release|Any CPU
		{973E1D9E-D77F-4E29-AD3B-76ABD0369974}.Debug|Any CPU.ActiveCfg = Debug|Any CPU
		{973E1D9E-D77F-4E29-AD3B-76ABD0369974}.Debug|Any CPU.Build.0 = Debug|Any CPU
		{973E1D9E-D77F-4E29-AD3B-76ABD0369974}.Release|Any CPU.ActiveCfg = Release|Any CPU
		{973E1D9E-D77F-4E29-AD3B-76ABD0369974}.Release|Any CPU.Build.0 = Release|Any CPU
		{EADFAD2E-F6DF-473C-8F4F-233391B11599}.Debug|Any CPU.ActiveCfg = Debug|Any CPU
		{EADFAD2E-F6DF-473C-8F4F-233391B11599}.Debug|Any CPU.Build.0 = Debug|Any CPU
		{EADFAD2E-F6DF-473C-8F4F-233391B11599}.Release|Any CPU.ActiveCfg = Release|Any CPU
		{EADFAD2E-F6DF-473C-8F4F-233391B11599}.Release|Any CPU.Build.0 = Release|Any CPU
		{5AC76549-59EC-461C-A831-C157B5A9F358}.Debug|Any CPU.ActiveCfg = Debug|Any CPU
		{5AC76549-59EC-461C-A831-C157B5A9F358}.Debug|Any CPU.Build.0 = Debug|Any CPU
		{5AC76549-59EC-461C-A831-C157B5A9F358}.Release|Any CPU.ActiveCfg = Release|Any CPU
		{5AC76549-59EC-461C-A831-C157B5A9F358}.Release|Any CPU.Build.0 = Release|Any CPU
		{99F42773-4600-4EBE-92A4-9DFDB85335EC}.Debug|Any CPU.ActiveCfg = Debug|Any CPU
		{99F42773-4600-4EBE-92A4-9DFDB85335EC}.Debug|Any CPU.Build.0 = Debug|Any CPU
		{99F42773-4600-4EBE-92A4-9DFDB85335EC}.Release|Any CPU.ActiveCfg = Release|Any CPU
		{99F42773-4600-4EBE-92A4-9DFDB85335EC}.Release|Any CPU.Build.0 = Release|Any CPU
		{8347595C-F0D3-406F-8E71-FA64626097B2}.Debug|Any CPU.ActiveCfg = Debug|Any CPU
		{8347595C-F0D3-406F-8E71-FA64626097B2}.Debug|Any CPU.Build.0 = Debug|Any CPU
		{8347595C-F0D3-406F-8E71-FA64626097B2}.Release|Any CPU.ActiveCfg = Release|Any CPU
		{8347595C-F0D3-406F-8E71-FA64626097B2}.Release|Any CPU.Build.0 = Release|Any CPU
		{AA5A3079-41CA-4D86-A39C-B4485018C2B2}.Debug|Any CPU.ActiveCfg = Debug|Any CPU
		{AA5A3079-41CA-4D86-A39C-B4485018C2B2}.Debug|Any CPU.Build.0 = Debug|Any CPU
		{AA5A3079-41CA-4D86-A39C-B4485018C2B2}.Release|Any CPU.ActiveCfg = Release|Any CPU
		{AA5A3079-41CA-4D86-A39C-B4485018C2B2}.Release|Any CPU.Build.0 = Release|Any CPU
		{7234083B-7893-4FBA-BFEE-A59771DAB1AC}.Debug|Any CPU.ActiveCfg = Debug|Any CPU
		{7234083B-7893-4FBA-BFEE-A59771DAB1AC}.Debug|Any CPU.Build.0 = Debug|Any CPU
		{7234083B-7893-4FBA-BFEE-A59771DAB1AC}.Release|Any CPU.ActiveCfg = Release|Any CPU
		{7234083B-7893-4FBA-BFEE-A59771DAB1AC}.Release|Any CPU.Build.0 = Release|Any CPU
		{975BD253-65F0-44A5-90AD-43BEB2002B99}.Debug|Any CPU.ActiveCfg = Debug|Any CPU
		{975BD253-65F0-44A5-90AD-43BEB2002B99}.Debug|Any CPU.Build.0 = Debug|Any CPU
		{975BD253-65F0-44A5-90AD-43BEB2002B99}.Release|Any CPU.ActiveCfg = Release|Any CPU
		{975BD253-65F0-44A5-90AD-43BEB2002B99}.Release|Any CPU.Build.0 = Release|Any CPU
		{76AD33CB-F768-491A-A987-7D51E60FA6B7}.Debug|Any CPU.ActiveCfg = Debug|Any CPU
		{76AD33CB-F768-491A-A987-7D51E60FA6B7}.Debug|Any CPU.Build.0 = Debug|Any CPU
		{76AD33CB-F768-491A-A987-7D51E60FA6B7}.Release|Any CPU.ActiveCfg = Release|Any CPU
		{76AD33CB-F768-491A-A987-7D51E60FA6B7}.Release|Any CPU.Build.0 = Release|Any CPU
		{6CACD281-36D8-4DF8-B49B-9F36C3CB2ABB}.Debug|Any CPU.ActiveCfg = Debug|Any CPU
		{6CACD281-36D8-4DF8-B49B-9F36C3CB2ABB}.Debug|Any CPU.Build.0 = Debug|Any CPU
		{6CACD281-36D8-4DF8-B49B-9F36C3CB2ABB}.Release|Any CPU.ActiveCfg = Release|Any CPU
		{6CACD281-36D8-4DF8-B49B-9F36C3CB2ABB}.Release|Any CPU.Build.0 = Release|Any CPU
		{9B3E793D-E71A-4E5C-93C6-777FB048888A}.Debug|Any CPU.ActiveCfg = Debug|Any CPU
		{9B3E793D-E71A-4E5C-93C6-777FB048888A}.Debug|Any CPU.Build.0 = Debug|Any CPU
		{9B3E793D-E71A-4E5C-93C6-777FB048888A}.Release|Any CPU.ActiveCfg = Release|Any CPU
		{9B3E793D-E71A-4E5C-93C6-777FB048888A}.Release|Any CPU.Build.0 = Release|Any CPU
		{A3D61007-95F0-4A47-B7B1-7A1CC12E5E59}.Debug|Any CPU.ActiveCfg = Debug|Any CPU
		{A3D61007-95F0-4A47-B7B1-7A1CC12E5E59}.Debug|Any CPU.Build.0 = Debug|Any CPU
		{A3D61007-95F0-4A47-B7B1-7A1CC12E5E59}.Release|Any CPU.ActiveCfg = Release|Any CPU
		{A3D61007-95F0-4A47-B7B1-7A1CC12E5E59}.Release|Any CPU.Build.0 = Release|Any CPU
		{BACD1E5F-4CB0-4BBA-B193-1AEE69B7C41F}.Debug|Any CPU.ActiveCfg = Debug|Any CPU
		{BACD1E5F-4CB0-4BBA-B193-1AEE69B7C41F}.Debug|Any CPU.Build.0 = Debug|Any CPU
		{BACD1E5F-4CB0-4BBA-B193-1AEE69B7C41F}.Release|Any CPU.ActiveCfg = Release|Any CPU
		{BACD1E5F-4CB0-4BBA-B193-1AEE69B7C41F}.Release|Any CPU.Build.0 = Release|Any CPU
		{207F29FF-9AFB-4DC6-B40C-5DB51BED5051}.Debug|Any CPU.ActiveCfg = Debug|Any CPU
		{207F29FF-9AFB-4DC6-B40C-5DB51BED5051}.Debug|Any CPU.Build.0 = Debug|Any CPU
		{207F29FF-9AFB-4DC6-B40C-5DB51BED5051}.Release|Any CPU.ActiveCfg = Release|Any CPU
		{207F29FF-9AFB-4DC6-B40C-5DB51BED5051}.Release|Any CPU.Build.0 = Release|Any CPU
		{A379AD23-2C8A-4E18-A1A5-3079528A1F79}.Debug|Any CPU.ActiveCfg = Debug|Any CPU
		{A379AD23-2C8A-4E18-A1A5-3079528A1F79}.Debug|Any CPU.Build.0 = Debug|Any CPU
		{A379AD23-2C8A-4E18-A1A5-3079528A1F79}.Release|Any CPU.ActiveCfg = Release|Any CPU
		{A379AD23-2C8A-4E18-A1A5-3079528A1F79}.Release|Any CPU.Build.0 = Release|Any CPU
		{E7C24E2A-DBB8-4A16-9532-61D9D812CF60}.Debug|Any CPU.ActiveCfg = Debug|Any CPU
		{E7C24E2A-DBB8-4A16-9532-61D9D812CF60}.Debug|Any CPU.Build.0 = Debug|Any CPU
		{E7C24E2A-DBB8-4A16-9532-61D9D812CF60}.Release|Any CPU.ActiveCfg = Release|Any CPU
		{E7C24E2A-DBB8-4A16-9532-61D9D812CF60}.Release|Any CPU.Build.0 = Release|Any CPU
		{7FEAC70C-D420-4D6C-A13C-8E98801A7EDE}.Debug|Any CPU.ActiveCfg = Debug|Any CPU
		{7FEAC70C-D420-4D6C-A13C-8E98801A7EDE}.Debug|Any CPU.Build.0 = Debug|Any CPU
		{7FEAC70C-D420-4D6C-A13C-8E98801A7EDE}.Release|Any CPU.ActiveCfg = Release|Any CPU
		{7FEAC70C-D420-4D6C-A13C-8E98801A7EDE}.Release|Any CPU.Build.0 = Release|Any CPU
		{AB745226-26B5-4FA6-85CD-322CE7C98FBF}.Debug|Any CPU.ActiveCfg = Debug|Any CPU
		{AB745226-26B5-4FA6-85CD-322CE7C98FBF}.Debug|Any CPU.Build.0 = Debug|Any CPU
		{AB745226-26B5-4FA6-85CD-322CE7C98FBF}.Release|Any CPU.ActiveCfg = Release|Any CPU
		{AB745226-26B5-4FA6-85CD-322CE7C98FBF}.Release|Any CPU.Build.0 = Release|Any CPU
	EndGlobalSection
	GlobalSection(SolutionProperties) = preSolution
		HideSolutionNode = FALSE
	EndGlobalSection
	GlobalSection(NestedProjects) = preSolution
		{13DB5E77-752B-49AD-8581-E473726791F1} = {E6495FE2-AF04-4605-A1D4-FE9085B6FF0B}
		{94446F19-7C94-4FC8-9E63-837903FFB251} = {6B7BEC95-8E7F-419B-BD2E-186391C1657C}
		{5ABDB08F-4EF9-40AC-A15C-746272301959} = {6B7BEC95-8E7F-419B-BD2E-186391C1657C}
		{31CA682A-A9C6-47BF-A9CF-BED5D6296888} = {6B7BEC95-8E7F-419B-BD2E-186391C1657C}
		{428DF259-7E15-4761-A144-F953A27C1FF1} = {6B7BEC95-8E7F-419B-BD2E-186391C1657C}
		{DF392266-36B9-4FFA-8C85-E9908EC57A9B} = {86032A6C-E2D3-4CA1-BF94-9A97AD1D5998}
		{76A6199D-F656-4227-B9CE-A55C864D0C6B} = {934244D3-5097-4B45-B977-5338E2DCF736}
		{EC9F938F-F2C3-4B40-AA7B-EC97441C4198} = {76A6199D-F656-4227-B9CE-A55C864D0C6B}
		{7B7F0816-2EB3-4DB6-9D51-85CAB9226818} = {A61023CD-45E8-4269-A3BB-D6ABD3B849CA}
		{BDE90A7C-9DE9-4FAA-84F2-BA51F0BC9AE0} = {76A6199D-F656-4227-B9CE-A55C864D0C6B}
		{7318CD6C-BEAB-44C1-A1F6-1C5C0C25BFFA} = {934244D3-5097-4B45-B977-5338E2DCF736}
		{4AFAF0A2-5DCE-4984-93B4-6E27A3F7DE6D} = {7318CD6C-BEAB-44C1-A1F6-1C5C0C25BFFA}
		{CD2FFEF5-09FC-4042-9A2E-F3B55B951128} = {6B7BEC95-8E7F-419B-BD2E-186391C1657C}
		{EDA30A46-D08F-4226-B082-2EA4E2FA1499} = {CD2FFEF5-09FC-4042-9A2E-F3B55B951128}
		{DD7F3FEF-07FC-460A-A0D7-DC8BB1A37DB8} = {A61023CD-45E8-4269-A3BB-D6ABD3B849CA}
		{88DBD061-F43D-4EF6-B39F-C629E2E9CC9D} = {1C637E7B-9FED-4A87-B6C1-282195B40B59}
		{1EDB132C-4C15-4D74-89DB-111481C5A160} = {88DBD061-F43D-4EF6-B39F-C629E2E9CC9D}
		{973E1D9E-D77F-4E29-AD3B-76ABD0369974} = {A61023CD-45E8-4269-A3BB-D6ABD3B849CA}
		{EADFAD2E-F6DF-473C-8F4F-233391B11599} = {7318CD6C-BEAB-44C1-A1F6-1C5C0C25BFFA}
		{5AC76549-59EC-461C-A831-C157B5A9F358} = {A61023CD-45E8-4269-A3BB-D6ABD3B849CA}
		{99F42773-4600-4EBE-92A4-9DFDB85335EC} = {A61023CD-45E8-4269-A3BB-D6ABD3B849CA}
		{8347595C-F0D3-406F-8E71-FA64626097B2} = {A61023CD-45E8-4269-A3BB-D6ABD3B849CA}
		{AA5A3079-41CA-4D86-A39C-B4485018C2B2} = {A61023CD-45E8-4269-A3BB-D6ABD3B849CA}
		{7234083B-7893-4FBA-BFEE-A59771DAB1AC} = {A61023CD-45E8-4269-A3BB-D6ABD3B849CA}
		{975BD253-65F0-44A5-90AD-43BEB2002B99} = {A61023CD-45E8-4269-A3BB-D6ABD3B849CA}
		{76AD33CB-F768-491A-A987-7D51E60FA6B7} = {2EFB00FB-3D62-4D6B-B144-2CE4AACBD898}
		{BC8A6EFA-D95B-46B6-A58A-EA7FA9861709} = {6B7BEC95-8E7F-419B-BD2E-186391C1657C}
		{6CACD281-36D8-4DF8-B49B-9F36C3CB2ABB} = {BC8A6EFA-D95B-46B6-A58A-EA7FA9861709}
		{9B3E793D-E71A-4E5C-93C6-777FB048888A} = {A61023CD-45E8-4269-A3BB-D6ABD3B849CA}
		{A3D61007-95F0-4A47-B7B1-7A1CC12E5E59} = {91102C6C-C17B-4D17-9235-BB058C8FF3A6}
		{BACD1E5F-4CB0-4BBA-B193-1AEE69B7C41F} = {7318CD6C-BEAB-44C1-A1F6-1C5C0C25BFFA}
		{207F29FF-9AFB-4DC6-B40C-5DB51BED5051} = {7318CD6C-BEAB-44C1-A1F6-1C5C0C25BFFA}
		{A379AD23-2C8A-4E18-A1A5-3079528A1F79} = {A61023CD-45E8-4269-A3BB-D6ABD3B849CA}
		{E7C24E2A-DBB8-4A16-9532-61D9D812CF60} = {7318CD6C-BEAB-44C1-A1F6-1C5C0C25BFFA}
		{7FEAC70C-D420-4D6C-A13C-8E98801A7EDE} = {6B7BEC95-8E7F-419B-BD2E-186391C1657C}
		{AB745226-26B5-4FA6-85CD-322CE7C98FBF} = {A61023CD-45E8-4269-A3BB-D6ABD3B849CA}
	EndGlobalSection
	GlobalSection(ExtensibilityGlobals) = postSolution
		SolutionGuid = {3D36F9F5-1A1A-42EF-914A-F4F59C268046}
	EndGlobalSection
EndGlobal
