
Microsoft Visual Studio Solution File, Format Version 12.00
# Visual Studio 15
VisualStudioVersion = 15.0.27004.2008
MinimumVisualStudioVersion = 10.0.40219.1
Project("{FAE04EC0-301F-11D3-BF4B-00C04F79EFBC}") = "YorkCapitalConsole", "YorkCapitalConsole\YorkCapitalConsole.csproj", "{13DB5E77-752B-49AD-8581-E473726791F1}"
EndProject
Project("{2150E333-8FDC-42A3-9474-1A3956D46DE8}") = "Interview Questions", "Interview Questions", "{E6495FE2-AF04-4605-A1D4-FE9085B6FF0B}"
EndProject
Project("{2150E333-8FDC-42A3-9474-1A3956D46DE8}") = "Utilities", "Utilities", "{6B7BEC95-8E7F-419B-BD2E-186391C1657C}"
EndProject
Project("{FAE04EC0-301F-11D3-BF4B-00C04F79EFBC}") = "Reflections", "Reflections\Reflections.csproj", "{94446F19-7C94-4FC8-9E63-837903FFB251}"
EndProject
Project("{FAE04EC0-301F-11D3-BF4B-00C04F79EFBC}") = "Extensions", "Extensions\Extensions.csproj", "{5ABDB08F-4EF9-40AC-A15C-746272301959}"
EndProject
Project("{FAE04EC0-301F-11D3-BF4B-00C04F79EFBC}") = "Wrappers", "Enhancers\Wrappers.csproj", "{31CA682A-A9C6-47BF-A9CF-BED5D6296888}"
EndProject
Project("{FAE04EC0-301F-11D3-BF4B-00C04F79EFBC}") = "InterfaceArchitecture", "InterfaceArchitecture\InterfaceArchitecture.csproj", "{428DF259-7E15-4761-A144-F953A27C1FF1}"
EndProject
Project("{2150E333-8FDC-42A3-9474-1A3956D46DE8}") = "ProvidersModel", "ProvidersModel", "{86032A6C-E2D3-4CA1-BF94-9A97AD1D5998}"
EndProject
Project("{FAE04EC0-301F-11D3-BF4B-00C04F79EFBC}") = "Providers", "Providers\Providers.csproj", "{DF392266-36B9-4FFA-8C85-E9908EC57A9B}"
EndProject
Project("{2150E333-8FDC-42A3-9474-1A3956D46DE8}") = "Web Technology", "Web Technology", "{934244D3-5097-4B45-B977-5338E2DCF736}"
EndProject
Project("{2150E333-8FDC-42A3-9474-1A3956D46DE8}") = "MVC Technologies", "MVC Technologies", "{76A6199D-F656-4227-B9CE-A55C864D0C6B}"
EndProject
Project("{FAE04EC0-301F-11D3-BF4B-00C04F79EFBC}") = "RequestMessageHandler", "RequestMessageHandler\RequestMessageHandler.csproj", "{EC9F938F-F2C3-4B40-AA7B-EC97441C4198}"
EndProject
Project("{2150E333-8FDC-42A3-9474-1A3956D46DE8}") = "_Implementations_", "_Implementations_", "{A61023CD-45E8-4269-A3BB-D6ABD3B849CA}"
EndProject
Project("{FAE04EC0-301F-11D3-BF4B-00C04F79EFBC}") = "ImpWebApiDelegatingHandler", "ImpWebApiDelegatingHandler\ImpWebApiDelegatingHandler.csproj", "{7B7F0816-2EB3-4DB6-9D51-85CAB9226818}"
EndProject
Project("{2150E333-8FDC-42A3-9474-1A3956D46DE8}") = "Solution Items", "Solution Items", "{AB541859-7918-4CF1-8988-5CB73813A13E}"
	ProjectSection(SolutionItems) = preProject
		..\README.txt = ..\README.txt
	EndProjectSection
EndProject
Project("{FAE04EC0-301F-11D3-BF4B-00C04F79EFBC}") = "DownloadHandler", "DownloadHandler\DownloadHandler.csproj", "{BDE90A7C-9DE9-4FAA-84F2-BA51F0BC9AE0}"
EndProject
Project("{2150E333-8FDC-42A3-9474-1A3956D46DE8}") = "WebUtilities", "WebUtilities", "{7318CD6C-BEAB-44C1-A1F6-1C5C0C25BFFA}"
EndProject
Project("{FAE04EC0-301F-11D3-BF4B-00C04F79EFBC}") = "WebSessions", "WebSessions\WebSessions.csproj", "{4AFAF0A2-5DCE-4984-93B4-6E27A3F7DE6D}"
EndProject
Global
	GlobalSection(SolutionConfigurationPlatforms) = preSolution
		Debug|Any CPU = Debug|Any CPU
		Release|Any CPU = Release|Any CPU
	EndGlobalSection
	GlobalSection(ProjectConfigurationPlatforms) = postSolution
		{13DB5E77-752B-49AD-8581-E473726791F1}.Debug|Any CPU.ActiveCfg = Debug|Any CPU
		{13DB5E77-752B-49AD-8581-E473726791F1}.Debug|Any CPU.Build.0 = Debug|Any CPU
		{13DB5E77-752B-49AD-8581-E473726791F1}.Release|Any CPU.ActiveCfg = Release|Any CPU
		{13DB5E77-752B-49AD-8581-E473726791F1}.Release|Any CPU.Build.0 = Release|Any CPU
		{94446F19-7C94-4FC8-9E63-837903FFB251}.Debug|Any CPU.ActiveCfg = Debug|Any CPU
		{94446F19-7C94-4FC8-9E63-837903FFB251}.Debug|Any CPU.Build.0 = Debug|Any CPU
		{94446F19-7C94-4FC8-9E63-837903FFB251}.Release|Any CPU.ActiveCfg = Release|Any CPU
		{94446F19-7C94-4FC8-9E63-837903FFB251}.Release|Any CPU.Build.0 = Release|Any CPU
		{5ABDB08F-4EF9-40AC-A15C-746272301959}.Debug|Any CPU.ActiveCfg = Debug|Any CPU
		{5ABDB08F-4EF9-40AC-A15C-746272301959}.Debug|Any CPU.Build.0 = Debug|Any CPU
		{5ABDB08F-4EF9-40AC-A15C-746272301959}.Release|Any CPU.ActiveCfg = Release|Any CPU
		{5ABDB08F-4EF9-40AC-A15C-746272301959}.Release|Any CPU.Build.0 = Release|Any CPU
		{31CA682A-A9C6-47BF-A9CF-BED5D6296888}.Debug|Any CPU.ActiveCfg = Debug|Any CPU
		{31CA682A-A9C6-47BF-A9CF-BED5D6296888}.Debug|Any CPU.Build.0 = Debug|Any CPU
		{31CA682A-A9C6-47BF-A9CF-BED5D6296888}.Release|Any CPU.ActiveCfg = Release|Any CPU
		{31CA682A-A9C6-47BF-A9CF-BED5D6296888}.Release|Any CPU.Build.0 = Release|Any CPU
		{428DF259-7E15-4761-A144-F953A27C1FF1}.Debug|Any CPU.ActiveCfg = Debug|Any CPU
		{428DF259-7E15-4761-A144-F953A27C1FF1}.Debug|Any CPU.Build.0 = Debug|Any CPU
		{428DF259-7E15-4761-A144-F953A27C1FF1}.Release|Any CPU.ActiveCfg = Release|Any CPU
		{428DF259-7E15-4761-A144-F953A27C1FF1}.Release|Any CPU.Build.0 = Release|Any CPU
		{DF392266-36B9-4FFA-8C85-E9908EC57A9B}.Debug|Any CPU.ActiveCfg = Debug|Any CPU
		{DF392266-36B9-4FFA-8C85-E9908EC57A9B}.Debug|Any CPU.Build.0 = Debug|Any CPU
		{DF392266-36B9-4FFA-8C85-E9908EC57A9B}.Release|Any CPU.ActiveCfg = Release|Any CPU
		{DF392266-36B9-4FFA-8C85-E9908EC57A9B}.Release|Any CPU.Build.0 = Release|Any CPU
		{EC9F938F-F2C3-4B40-AA7B-EC97441C4198}.Debug|Any CPU.ActiveCfg = Debug|Any CPU
		{EC9F938F-F2C3-4B40-AA7B-EC97441C4198}.Debug|Any CPU.Build.0 = Debug|Any CPU
		{EC9F938F-F2C3-4B40-AA7B-EC97441C4198}.Release|Any CPU.ActiveCfg = Release|Any CPU
		{EC9F938F-F2C3-4B40-AA7B-EC97441C4198}.Release|Any CPU.Build.0 = Release|Any CPU
		{7B7F0816-2EB3-4DB6-9D51-85CAB9226818}.Debug|Any CPU.ActiveCfg = Debug|Any CPU
		{7B7F0816-2EB3-4DB6-9D51-85CAB9226818}.Debug|Any CPU.Build.0 = Debug|Any CPU
		{7B7F0816-2EB3-4DB6-9D51-85CAB9226818}.Release|Any CPU.ActiveCfg = Release|Any CPU
		{7B7F0816-2EB3-4DB6-9D51-85CAB9226818}.Release|Any CPU.Build.0 = Release|Any CPU
		{BDE90A7C-9DE9-4FAA-84F2-BA51F0BC9AE0}.Debug|Any CPU.ActiveCfg = Debug|Any CPU
		{BDE90A7C-9DE9-4FAA-84F2-BA51F0BC9AE0}.Debug|Any CPU.Build.0 = Debug|Any CPU
		{BDE90A7C-9DE9-4FAA-84F2-BA51F0BC9AE0}.Release|Any CPU.ActiveCfg = Release|Any CPU
		{BDE90A7C-9DE9-4FAA-84F2-BA51F0BC9AE0}.Release|Any CPU.Build.0 = Release|Any CPU
		{4AFAF0A2-5DCE-4984-93B4-6E27A3F7DE6D}.Debug|Any CPU.ActiveCfg = Debug|Any CPU
		{4AFAF0A2-5DCE-4984-93B4-6E27A3F7DE6D}.Debug|Any CPU.Build.0 = Debug|Any CPU
		{4AFAF0A2-5DCE-4984-93B4-6E27A3F7DE6D}.Release|Any CPU.ActiveCfg = Release|Any CPU
		{4AFAF0A2-5DCE-4984-93B4-6E27A3F7DE6D}.Release|Any CPU.Build.0 = Release|Any CPU
	EndGlobalSection
	GlobalSection(SolutionProperties) = preSolution
		HideSolutionNode = FALSE
	EndGlobalSection
	GlobalSection(NestedProjects) = preSolution
		{13DB5E77-752B-49AD-8581-E473726791F1} = {E6495FE2-AF04-4605-A1D4-FE9085B6FF0B}
		{94446F19-7C94-4FC8-9E63-837903FFB251} = {6B7BEC95-8E7F-419B-BD2E-186391C1657C}
		{5ABDB08F-4EF9-40AC-A15C-746272301959} = {6B7BEC95-8E7F-419B-BD2E-186391C1657C}
		{31CA682A-A9C6-47BF-A9CF-BED5D6296888} = {6B7BEC95-8E7F-419B-BD2E-186391C1657C}
		{428DF259-7E15-4761-A144-F953A27C1FF1} = {6B7BEC95-8E7F-419B-BD2E-186391C1657C}
		{DF392266-36B9-4FFA-8C85-E9908EC57A9B} = {86032A6C-E2D3-4CA1-BF94-9A97AD1D5998}
		{76A6199D-F656-4227-B9CE-A55C864D0C6B} = {934244D3-5097-4B45-B977-5338E2DCF736}
		{EC9F938F-F2C3-4B40-AA7B-EC97441C4198} = {76A6199D-F656-4227-B9CE-A55C864D0C6B}
		{7B7F0816-2EB3-4DB6-9D51-85CAB9226818} = {A61023CD-45E8-4269-A3BB-D6ABD3B849CA}
		{BDE90A7C-9DE9-4FAA-84F2-BA51F0BC9AE0} = {76A6199D-F656-4227-B9CE-A55C864D0C6B}
		{7318CD6C-BEAB-44C1-A1F6-1C5C0C25BFFA} = {934244D3-5097-4B45-B977-5338E2DCF736}
		{4AFAF0A2-5DCE-4984-93B4-6E27A3F7DE6D} = {7318CD6C-BEAB-44C1-A1F6-1C5C0C25BFFA}
	EndGlobalSection
	GlobalSection(ExtensibilityGlobals) = postSolution
		SolutionGuid = {3D36F9F5-1A1A-42EF-914A-F4F59C268046}
	EndGlobalSection
EndGlobal
